// !$*UTF8*$!
{
	archiveVersion = 1;
	classes = {
	};
	objectVersion = 55;
	objects = {

/* Begin PBXBuildFile section */
		B69324312887C74B003D8E7D /* OpenweatherApp.swift in Sources */ = {isa = PBXBuildFile; fileRef = B69324302887C74B003D8E7D /* OpenweatherApp.swift */; };
		B69324332887C74B003D8E7D /* ContentView.swift in Sources */ = {isa = PBXBuildFile; fileRef = B69324322887C74B003D8E7D /* ContentView.swift */; };
		B69324352887C74C003D8E7D /* Assets.xcassets in Resources */ = {isa = PBXBuildFile; fileRef = B69324342887C74C003D8E7D /* Assets.xcassets */; };
		B69324382887C74C003D8E7D /* Preview Assets.xcassets in Resources */ = {isa = PBXBuildFile; fileRef = B69324372887C74C003D8E7D /* Preview Assets.xcassets */; };
		B693243F2887C817003D8E7D /* URL+EXT.swift in Sources */ = {isa = PBXBuildFile; fileRef = B693243E2887C817003D8E7D /* URL+EXT.swift */; };
		B69324412887C860003D8E7D /* WeatherResponse.swift in Sources */ = {isa = PBXBuildFile; fileRef = B69324402887C85F003D8E7D /* WeatherResponse.swift */; };
		B69324472887C95B003D8E7D /* WeatherService.swift in Sources */ = {isa = PBXBuildFile; fileRef = B69324462887C95B003D8E7D /* WeatherService.swift */; };
		B693244A2887CBF3003D8E7D /* WeatherViewModel.swift in Sources */ = {isa = PBXBuildFile; fileRef = B69324492887CBF3003D8E7D /* WeatherViewModel.swift */; };
		B69324602888BBD5003D8E7D /* String+EXT.swift in Sources */ = {isa = PBXBuildFile; fileRef = B693245F2888BBD5003D8E7D /* String+EXT.swift */; };
/* End PBXBuildFile section */

/* Begin PBXFileReference section */
		B693242D2887C74B003D8E7D /* Openweather.app */ = {isa = PBXFileReference; explicitFileType = wrapper.application; includeInIndex = 0; path = Openweather.app; sourceTree = BUILT_PRODUCTS_DIR; };
		B69324302887C74B003D8E7D /* OpenweatherApp.swift */ = {isa = PBXFileReference; lastKnownFileType = sourcecode.swift; path = OpenweatherApp.swift; sourceTree = "<group>"; };
		B69324322887C74B003D8E7D /* ContentView.swift */ = {isa = PBXFileReference; lastKnownFileType = sourcecode.swift; path = ContentView.swift; sourceTree = "<group>"; };
		B69324342887C74C003D8E7D /* Assets.xcassets */ = {isa = PBXFileReference; lastKnownFileType = folder.assetcatalog; path = Assets.xcassets; sourceTree = "<group>"; };
		B69324372887C74C003D8E7D /* Preview Assets.xcassets */ = {isa = PBXFileReference; lastKnownFileType = folder.assetcatalog; path = "Preview Assets.xcassets"; sourceTree = "<group>"; };
		B693243E2887C817003D8E7D /* URL+EXT.swift */ = {isa = PBXFileReference; lastKnownFileType = sourcecode.swift; path = "URL+EXT.swift"; sourceTree = "<group>"; };
		B69324402887C85F003D8E7D /* WeatherResponse.swift */ = {isa = PBXFileReference; lastKnownFileType = sourcecode.swift; path = WeatherResponse.swift; sourceTree = "<group>"; };
		B69324462887C95B003D8E7D /* WeatherService.swift */ = {isa = PBXFileReference; lastKnownFileType = sourcecode.swift; path = WeatherService.swift; sourceTree = "<group>"; };
		B69324492887CBF3003D8E7D /* WeatherViewModel.swift */ = {isa = PBXFileReference; lastKnownFileType = sourcecode.swift; path = WeatherViewModel.swift; sourceTree = "<group>"; };
		B693244B2887CDCE003D8E7D /* Info.plist */ = {isa = PBXFileReference; lastKnownFileType = text.plist; path = Info.plist; sourceTree = "<group>"; };
		B693245F2888BBD5003D8E7D /* String+EXT.swift */ = {isa = PBXFileReference; lastKnownFileType = sourcecode.swift; path = "String+EXT.swift"; sourceTree = "<group>"; };
/* End PBXFileReference section */

/* Begin PBXFrameworksBuildPhase section */
		B693242A2887C74B003D8E7D /* Frameworks */ = {
			isa = PBXFrameworksBuildPhase;
			buildActionMask = 2147483647;
			files = (
			);
			runOnlyForDeploymentPostprocessing = 0;
		};
/* End PBXFrameworksBuildPhase section */

/* Begin PBXGroup section */
		B69324242887C74B003D8E7D = {
			isa = PBXGroup;
			children = (
				B693242F2887C74B003D8E7D /* Openweather */,
				B693242E2887C74B003D8E7D /* Products */,
			);
			sourceTree = "<group>";
		};
		B693242E2887C74B003D8E7D /* Products */ = {
			isa = PBXGroup;
			children = (
				B693242D2887C74B003D8E7D /* Openweather.app */,
			);
			name = Products;
			sourceTree = "<group>";
		};
		B693242F2887C74B003D8E7D /* Openweather */ = {
			isa = PBXGroup;
			children = (
				B693244B2887CDCE003D8E7D /* Info.plist */,
				B69324482887CBE2003D8E7D /* View Model */,
				B69324452887C948003D8E7D /* Service */,
				B69324302887C74B003D8E7D /* OpenweatherApp.swift */,
				B69324442887C880003D8E7D /* Views */,
				B69324432887C878003D8E7D /* Extension */,
				B69324422887C870003D8E7D /* Models */,
				B69324342887C74C003D8E7D /* Assets.xcassets */,
				B69324362887C74C003D8E7D /* Preview Content */,
			);
			path = Openweather;
			sourceTree = "<group>";
		};
		B69324362887C74C003D8E7D /* Preview Content */ = {
			isa = PBXGroup;
			children = (
				B69324372887C74C003D8E7D /* Preview Assets.xcassets */,
			);
			path = "Preview Content";
			sourceTree = "<group>";
		};
		B69324422887C870003D8E7D /* Models */ = {
			isa = PBXGroup;
			children = (
				B69324402887C85F003D8E7D /* WeatherResponse.swift */,
			);
			path = Models;
			sourceTree = "<group>";
		};
		B69324432887C878003D8E7D /* Extension */ = {
			isa = PBXGroup;
			children = (
				B693243E2887C817003D8E7D /* URL+EXT.swift */,
				B693245F2888BBD5003D8E7D /* String+EXT.swift */,
			);
			path = Extension;
			sourceTree = "<group>";
		};
		B69324442887C880003D8E7D /* Views */ = {
			isa = PBXGroup;
			children = (
				B69324322887C74B003D8E7D /* ContentView.swift */,
			);
			path = Views;
			sourceTree = "<group>";
		};
		B69324452887C948003D8E7D /* Service */ = {
			isa = PBXGroup;
			children = (
				B69324462887C95B003D8E7D /* WeatherService.swift */,
			);
			path = Service;
			sourceTree = "<group>";
		};
		B69324482887CBE2003D8E7D /* View Model */ = {
			isa = PBXGroup;
			children = (
				B69324492887CBF3003D8E7D /* WeatherViewModel.swift */,
			);
			path = "View Model";
			sourceTree = "<group>";
		};
/* End PBXGroup section */

/* Begin PBXNativeTarget section */
		B693242C2887C74B003D8E7D /* Openweather */ = {
			isa = PBXNativeTarget;
			buildConfigurationList = B693243B2887C74C003D8E7D /* Build configuration list for PBXNativeTarget "Openweather" */;
			buildPhases = (
				B69324292887C74B003D8E7D /* Sources */,
				B693242A2887C74B003D8E7D /* Frameworks */,
				B693242B2887C74B003D8E7D /* Resources */,
			);
			buildRules = (
			);
			dependencies = (
			);
			name = Openweather;
			productName = Openweather;
			productReference = B693242D2887C74B003D8E7D /* Openweather.app */;
			productType = "com.apple.product-type.application";
		};
/* End PBXNativeTarget section */

/* Begin PBXProject section */
		B69324252887C74B003D8E7D /* Project object */ = {
			isa = PBXProject;
			attributes = {
				BuildIndependentTargetsInParallel = 1;
				LastSwiftUpdateCheck = 1330;
				LastUpgradeCheck = 1330;
				TargetAttributes = {
					B693242C2887C74B003D8E7D = {
						CreatedOnToolsVersion = 13.3;
					};
				};
			};
			buildConfigurationList = B69324282887C74B003D8E7D /* Build configuration list for PBXProject "Openweather" */;
			compatibilityVersion = "Xcode 13.0";
			developmentRegion = en;
			hasScannedForEncodings = 0;
			knownRegions = (
				en,
				Base,
			);
			mainGroup = B69324242887C74B003D8E7D;
			productRefGroup = B693242E2887C74B003D8E7D /* Products */;
			projectDirPath = "";
			projectRoot = "";
			targets = (
				B693242C2887C74B003D8E7D /* Openweather */,
			);
		};
/* End PBXProject section */

/* Begin PBXResourcesBuildPhase section */
		B693242B2887C74B003D8E7D /* Resources */ = {
			isa = PBXResourcesBuildPhase;
			buildActionMask = 2147483647;
			files = (
				B69324382887C74C003D8E7D /* Preview Assets.xcassets in Resources */,
				B69324352887C74C003D8E7D /* Assets.xcassets in Resources */,
			);
			runOnlyForDeploymentPostprocessing = 0;
		};
/* End PBXResourcesBuildPhase section */

/* Begin PBXSourcesBuildPhase section */
		B69324292887C74B003D8E7D /* Sources */ = {
			isa = PBXSourcesBuildPhase;
			buildActionMask = 2147483647;
			files = (
				B69324472887C95B003D8E7D /* WeatherService.swift in Sources */,
				B693244A2887CBF3003D8E7D /* WeatherViewModel.swift in Sources */,
				B69324332887C74B003D8E7D /* ContentView.swift in Sources */,
				B69324312887C74B003D8E7D /* OpenweatherApp.swift in Sources */,
				B69324412887C860003D8E7D /* WeatherResponse.swift in Sources */,
				B693243F2887C817003D8E7D /* URL+EXT.swift in Sources */,
				B69324602888BBD5003D8E7D /* String+EXT.swift in Sources */,
			);
			runOnlyForDeploymentPostprocessing = 0;
		};
/* End PBXSourcesBuildPhase section */

/* Begin XCBuildConfiguration section */
		B69324392887C74C003D8E7D /* Debug */ = {
			isa = XCBuildConfiguration;
			buildSettings = {
				ALWAYS_SEARCH_USER_PATHS = NO;
				CLANG_ANALYZER_NONNULL = YES;
				CLANG_ANALYZER_NUMBER_OBJECT_CONVERSION = YES_AGGRESSIVE;
				CLANG_CXX_LANGUAGE_STANDARD = "gnu++17";
				CLANG_ENABLE_MODULES = YES;
				CLANG_ENABLE_OBJC_ARC = YES;
				CLANG_ENABLE_OBJC_WEAK = YES;
				CLANG_WARN_BLOCK_CAPTURE_AUTORELEASING = YES;
				CLANG_WARN_BOOL_CONVERSION = YES;
				CLANG_WARN_COMMA = YES;
				CLANG_WARN_CONSTANT_CONVERSION = YES;
				CLANG_WARN_DEPRECATED_OBJC_IMPLEMENTATIONS = YES;
				CLANG_WARN_DIRECT_OBJC_ISA_USAGE = YES_ERROR;
				CLANG_WARN_DOCUMENTATION_COMMENTS = YES;
				CLANG_WARN_EMPTY_BODY = YES;
				CLANG_WARN_ENUM_CONVERSION = YES;
				CLANG_WARN_INFINITE_RECURSION = YES;
				CLANG_WARN_INT_CONVERSION = YES;
				CLANG_WARN_NON_LITERAL_NULL_CONVERSION = YES;
				CLANG_WARN_OBJC_IMPLICIT_RETAIN_SELF = YES;
				CLANG_WARN_OBJC_LITERAL_CONVERSION = YES;
				CLANG_WARN_OBJC_ROOT_CLASS = YES_ERROR;
				CLANG_WARN_QUOTED_INCLUDE_IN_FRAMEWORK_HEADER = YES;
				CLANG_WARN_RANGE_LOOP_ANALYSIS = YES;
				CLANG_WARN_STRICT_PROTOTYPES = YES;
				CLANG_WARN_SUSPICIOUS_MOVE = YES;
				CLANG_WARN_UNGUARDED_AVAILABILITY = YES_AGGRESSIVE;
				CLANG_WARN_UNREACHABLE_CODE = YES;
				CLANG_WARN__DUPLICATE_METHOD_MATCH = YES;
				COPY_PHASE_STRIP = NO;
				DEBUG_INFORMATION_FORMAT = dwarf;
				ENABLE_STRICT_OBJC_MSGSEND = YES;
				ENABLE_TESTABILITY = YES;
				GCC_C_LANGUAGE_STANDARD = gnu11;
				GCC_DYNAMIC_NO_PIC = NO;
				GCC_NO_COMMON_BLOCKS = YES;
				GCC_OPTIMIZATION_LEVEL = 0;
				GCC_PREPROCESSOR_DEFINITIONS = (
					"DEBUG=1",
					"$(inherited)",
				);
				GCC_WARN_64_TO_32_BIT_CONVERSION = YES;
				GCC_WARN_ABOUT_RETURN_TYPE = YES_ERROR;
				GCC_WARN_UNDECLARED_SELECTOR = YES;
				GCC_WARN_UNINITIALIZED_AUTOS = YES_AGGRESSIVE;
				GCC_WARN_UNUSED_FUNCTION = YES;
				GCC_WARN_UNUSED_VARIABLE = YES;
				IPHONEOS_DEPLOYMENT_TARGET = 15.4;
				MTL_ENABLE_DEBUG_INFO = INCLUDE_SOURCE;
				MTL_FAST_MATH = YES;
				ONLY_ACTIVE_ARCH = YES;
				SDKROOT = iphoneos;
				SWIFT_ACTIVE_COMPILATION_CONDITIONS = DEBUG;
				SWIFT_OPTIMIZATION_LEVEL = "-Onone";
			};
			name = Debug;
		};
		B693243A2887C74C003D8E7D /* Release */ = {
			isa = XCBuildConfiguration;
			buildSettings = {
				ALWAYS_SEARCH_USER_PATHS = NO;
				CLANG_ANALYZER_NONNULL = YES;
				CLANG_ANALYZER_NUMBER_OBJECT_CONVERSION = YES_AGGRESSIVE;
				CLANG_CXX_LANGUAGE_STANDARD = "gnu++17";
				CLANG_ENABLE_MODULES = YES;
				CLANG_ENABLE_OBJC_ARC = YES;
				CLANG_ENABLE_OBJC_WEAK = YES;
				CLANG_WARN_BLOCK_CAPTURE_AUTORELEASING = YES;
				CLANG_WARN_BOOL_CONVERSION = YES;
				CLANG_WARN_COMMA = YES;
				CLANG_WARN_CONSTANT_CONVERSION = YES;
				CLANG_WARN_DEPRECATED_OBJC_IMPLEMENTATIONS = YES;
				CLANG_WARN_DIRECT_OBJC_ISA_USAGE = YES_ERROR;
				CLANG_WARN_DOCUMENTATION_COMMENTS = YES;
				CLANG_WARN_EMPTY_BODY = YES;
				CLANG_WARN_ENUM_CONVERSION = YES;
				CLANG_WARN_INFINITE_RECURSION = YES;
				CLANG_WARN_INT_CONVERSION = YES;
				CLANG_WARN_NON_LITERAL_NULL_CONVERSION = YES;
				CLANG_WARN_OBJC_IMPLICIT_RETAIN_SELF = YES;
				CLANG_WARN_OBJC_LITERAL_CONVERSION = YES;
				CLANG_WARN_OBJC_ROOT_CLASS = YES_ERROR;
				CLANG_WARN_QUOTED_INCLUDE_IN_FRAMEWORK_HEADER = YES;
				CLANG_WARN_RANGE_LOOP_ANALYSIS = YES;
				CLANG_WARN_STRICT_PROTOTYPES = YES;
				CLANG_WARN_SUSPICIOUS_MOVE = YES;
				CLANG_WARN_UNGUARDED_AVAILABILITY = YES_AGGRESSIVE;
				CLANG_WARN_UNREACHABLE_CODE = YES;
				CLANG_WARN__DUPLICATE_METHOD_MATCH = YES;
				COPY_PHASE_STRIP = NO;
				DEBUG_INFORMATION_FORMAT = "dwarf-with-dsym";
				ENABLE_NS_ASSERTIONS = NO;
				ENABLE_STRICT_OBJC_MSGSEND = YES;
				GCC_C_LANGUAGE_STANDARD = gnu11;
				GCC_NO_COMMON_BLOCKS = YES;
				GCC_WARN_64_TO_32_BIT_CONVERSION = YES;
				GCC_WARN_ABOUT_RETURN_TYPE = YES_ERROR;
				GCC_WARN_UNDECLARED_SELECTOR = YES;
				GCC_WARN_UNINITIALIZED_AUTOS = YES_AGGRESSIVE;
				GCC_WARN_UNUSED_FUNCTION = YES;
				GCC_WARN_UNUSED_VARIABLE = YES;
				IPHONEOS_DEPLOYMENT_TARGET = 15.4;
				MTL_ENABLE_DEBUG_INFO = NO;
				MTL_FAST_MATH = YES;
				SDKROOT = iphoneos;
				SWIFT_COMPILATION_MODE = wholemodule;
				SWIFT_OPTIMIZATION_LEVEL = "-O";
				VALIDATE_PRODUCT = YES;
			};
			name = Release;
		};
		B693243C2887C74C003D8E7D /* Debug */ = {
			isa = XCBuildConfiguration;
			buildSettings = {
				ASSETCATALOG_COMPILER_APPICON_NAME = AppIcon;
				ASSETCATALOG_COMPILER_GLOBAL_ACCENT_COLOR_NAME = AccentColor;
				CODE_SIGN_STYLE = Automatic;
				CURRENT_PROJECT_VERSION = 1;
				DEVELOPMENT_ASSET_PATHS = "\"Openweather/Preview Content\"";
				DEVELOPMENT_TEAM = H5L7QT5U7B;
				ENABLE_PREVIEWS = YES;
				GENERATE_INFOPLIST_FILE = YES;
				INFOPLIST_FILE = Openweather/Info.plist;
				INFOPLIST_KEY_UIApplicationSceneManifest_Generation = YES;
				INFOPLIST_KEY_UIApplicationSupportsIndirectInputEvents = YES;
				INFOPLIST_KEY_UILaunchScreen_Generation = YES;
				INFOPLIST_KEY_UISupportedInterfaceOrientations_iPad = "UIInterfaceOrientationPortrait UIInterfaceOrientationPortraitUpsideDown UIInterfaceOrientationLandscapeLeft UIInterfaceOrientationLandscapeRight";
				INFOPLIST_KEY_UISupportedInterfaceOrientations_iPhone = "UIInterfaceOrientationPortrait UIInterfaceOrientationLandscapeLeft UIInterfaceOrientationLandscapeRight";
				LD_RUNPATH_SEARCH_PATHS = (
					"$(inherited)",
					"@executable_path/Frameworks",
				);
				MARKETING_VERSION = 1.0;
				PRODUCT_BUNDLE_IDENTIFIER = JaylenKSmith.Openweather;
				PRODUCT_NAME = "$(TARGET_NAME)";
				SWIFT_EMIT_LOC_STRINGS = YES;
				SWIFT_VERSION = 5.0;
				TARGETED_DEVICE_FAMILY = "1,2";
			};
			name = Debug;
		};
		B693243D2887C74C003D8E7D /* Release */ = {
			isa = XCBuildConfiguration;
			buildSettings = {
				ASSETCATALOG_COMPILER_APPICON_NAME = AppIcon;
				ASSETCATALOG_COMPILER_GLOBAL_ACCENT_COLOR_NAME = AccentColor;
				CODE_SIGN_STYLE = Automatic;
				CURRENT_PROJECT_VERSION = 1;
				DEVELOPMENT_ASSET_PATHS = "\"Openweather/Preview Content\"";
				DEVELOPMENT_TEAM = H5L7QT5U7B;
				ENABLE_PREVIEWS = YES;
				GENERATE_INFOPLIST_FILE = YES;
				INFOPLIST_FILE = Openweather/Info.plist;
				INFOPLIST_KEY_UIApplicationSceneManifest_Generation = YES;
				INFOPLIST_KEY_UIApplicationSupportsIndirectInputEvents = YES;
				INFOPLIST_KEY_UILaunchScreen_Generation = YES;
				INFOPLIST_KEY_UISupportedInterfaceOrientations_iPad = "UIInterfaceOrientationPortrait UIInterfaceOrientationPortraitUpsideDown UIInterfaceOrientationLandscapeLeft UIInterfaceOrientationLandscapeRight";
				INFOPLIST_KEY_UISupportedInterfaceOrientations_iPhone = "UIInterfaceOrientationPortrait UIInterfaceOrientationLandscapeLeft UIInterfaceOrientationLandscapeRight";
				LD_RUNPATH_SEARCH_PATHS = (
					"$(inherited)",
					"@executable_path/Frameworks",
				);
				MARKETING_VERSION = 1.0;
				PRODUCT_BUNDLE_IDENTIFIER = JaylenKSmith.Openweather;
				PRODUCT_NAME = "$(TARGET_NAME)";
				SWIFT_EMIT_LOC_STRINGS = YES;
				SWIFT_VERSION = 5.0;
				TARGETED_DEVICE_FAMILY = "1,2";
			};
			name = Release;
		};
/* End XCBuildConfiguration section */

/* Begin XCConfigurationList section */
		B69324282887C74B003D8E7D /* Build configuration list for PBXProject "Openweather" */ = {
			isa = XCConfigurationList;
			buildConfigurations = (
				B69324392887C74C003D8E7D /* Debug */,
				B693243A2887C74C003D8E7D /* Release */,
			);
			defaultConfigurationIsVisible = 0;
			defaultConfigurationName = Release;
		};
		B693243B2887C74C003D8E7D /* Build configuration list for PBXNativeTarget "Openweather" */ = {
			isa = XCConfigurationList;
			buildConfigurations = (
				B693243C2887C74C003D8E7D /* Debug */,
				B693243D2887C74C003D8E7D /* Release */,
			);
			defaultConfigurationIsVisible = 0;
			defaultConfigurationName = Release;
		};
/* End XCConfigurationList section */
	};
	rootObject = B69324252887C74B003D8E7D /* Project object */;
}
